// !$*UTF8*$!
{
	archiveVersion = 1;
	classes = {
	};
	objectVersion = 56;
	objects = {

/* Begin PBXBuildFile section */
		7600E0192AD0748C00E83C81 /* HomeScreen.swift in Sources */ = {isa = PBXBuildFile; fileRef = 7600E0182AD0748C00E83C81 /* HomeScreen.swift */; };
		7600E0202AD0787F00E83C81 /* CACornerMask+Extension.swift in Sources */ = {isa = PBXBuildFile; fileRef = 7600E01C2AD0787F00E83C81 /* CACornerMask+Extension.swift */; };
		7600E0212AD0787F00E83C81 /* UIView+Extension.swift in Sources */ = {isa = PBXBuildFile; fileRef = 7600E01D2AD0787F00E83C81 /* UIView+Extension.swift */; };
		7600E0222AD0787F00E83C81 /* UIViewController+Extension.swift in Sources */ = {isa = PBXBuildFile; fileRef = 7600E01E2AD0787F00E83C81 /* UIViewController+Extension.swift */; };
		7600E0232AD0787F00E83C81 /* String+Extension.swift in Sources */ = {isa = PBXBuildFile; fileRef = 7600E01F2AD0787F00E83C81 /* String+Extension.swift */; };
		7682518F2AD071B000FD63CF /* AppDelegate.swift in Sources */ = {isa = PBXBuildFile; fileRef = 7682518E2AD071B000FD63CF /* AppDelegate.swift */; };
		768251912AD071B000FD63CF /* SceneDelegate.swift in Sources */ = {isa = PBXBuildFile; fileRef = 768251902AD071B000FD63CF /* SceneDelegate.swift */; };
		768251932AD071B000FD63CF /* ViewController.swift in Sources */ = {isa = PBXBuildFile; fileRef = 768251922AD071B000FD63CF /* ViewController.swift */; };
		768251982AD071B100FD63CF /* Assets.xcassets in Resources */ = {isa = PBXBuildFile; fileRef = 768251972AD071B100FD63CF /* Assets.xcassets */; };
		7682519B2AD071B100FD63CF /* LaunchScreen.storyboard in Resources */ = {isa = PBXBuildFile; fileRef = 768251992AD071B100FD63CF /* LaunchScreen.storyboard */; };
		76D696CF2AD07B5E00E846CC /* GoogleService-Info.plist in Resources */ = {isa = PBXBuildFile; fileRef = 76D696CE2AD07B5E00E846CC /* GoogleService-Info.plist */; };
		F167EB5399ABC0A1775AB03A /* Pods_CRUD_Firebase.framework in Frameworks */ = {isa = PBXBuildFile; fileRef = BD62C21F033365A725651FF7 /* Pods_CRUD_Firebase.framework */; };
/* End PBXBuildFile section */

/* Begin PBXFileReference section */
		7600E0182AD0748C00E83C81 /* HomeScreen.swift */ = {isa = PBXFileReference; lastKnownFileType = sourcecode.swift; path = HomeScreen.swift; sourceTree = "<group>"; };
		7600E01C2AD0787F00E83C81 /* CACornerMask+Extension.swift */ = {isa = PBXFileReference; fileEncoding = 4; lastKnownFileType = sourcecode.swift; path = "CACornerMask+Extension.swift"; sourceTree = "<group>"; };
		7600E01D2AD0787F00E83C81 /* UIView+Extension.swift */ = {isa = PBXFileReference; fileEncoding = 4; lastKnownFileType = sourcecode.swift; path = "UIView+Extension.swift"; sourceTree = "<group>"; };
		7600E01E2AD0787F00E83C81 /* UIViewController+Extension.swift */ = {isa = PBXFileReference; fileEncoding = 4; lastKnownFileType = sourcecode.swift; path = "UIViewController+Extension.swift"; sourceTree = "<group>"; };
		7600E01F2AD0787F00E83C81 /* String+Extension.swift */ = {isa = PBXFileReference; fileEncoding = 4; lastKnownFileType = sourcecode.swift; path = "String+Extension.swift"; sourceTree = "<group>"; };
		7682518B2AD071B000FD63CF /* CRUD-Firebase.app */ = {isa = PBXFileReference; explicitFileType = wrapper.application; includeInIndex = 0; path = "CRUD-Firebase.app"; sourceTree = BUILT_PRODUCTS_DIR; };
		7682518E2AD071B000FD63CF /* AppDelegate.swift */ = {isa = PBXFileReference; lastKnownFileType = sourcecode.swift; path = AppDelegate.swift; sourceTree = "<group>"; };
		768251902AD071B000FD63CF /* SceneDelegate.swift */ = {isa = PBXFileReference; lastKnownFileType = sourcecode.swift; path = SceneDelegate.swift; sourceTree = "<group>"; };
		768251922AD071B000FD63CF /* ViewController.swift */ = {isa = PBXFileReference; lastKnownFileType = sourcecode.swift; path = ViewController.swift; sourceTree = "<group>"; };
		768251972AD071B100FD63CF /* Assets.xcassets */ = {isa = PBXFileReference; lastKnownFileType = folder.assetcatalog; path = Assets.xcassets; sourceTree = "<group>"; };
		7682519A2AD071B100FD63CF /* Base */ = {isa = PBXFileReference; lastKnownFileType = file.storyboard; name = Base; path = Base.lproj/LaunchScreen.storyboard; sourceTree = "<group>"; };
		7682519C2AD071B100FD63CF /* Info.plist */ = {isa = PBXFileReference; lastKnownFileType = text.plist.xml; path = Info.plist; sourceTree = "<group>"; };
		76D696CE2AD07B5E00E846CC /* GoogleService-Info.plist */ = {isa = PBXFileReference; fileEncoding = 4; lastKnownFileType = text.plist.xml; path = "GoogleService-Info.plist"; sourceTree = "<group>"; };
		B12D8ED2C0E031508E75469B /* Pods-CRUD-Firebase.debug.xcconfig */ = {isa = PBXFileReference; includeInIndex = 1; lastKnownFileType = text.xcconfig; name = "Pods-CRUD-Firebase.debug.xcconfig"; path = "Target Support Files/Pods-CRUD-Firebase/Pods-CRUD-Firebase.debug.xcconfig"; sourceTree = "<group>"; };
		BD62C21F033365A725651FF7 /* Pods_CRUD_Firebase.framework */ = {isa = PBXFileReference; explicitFileType = wrapper.framework; includeInIndex = 0; path = Pods_CRUD_Firebase.framework; sourceTree = BUILT_PRODUCTS_DIR; };
		C5BCA4BAAE4ABC27E20B8894 /* Pods-CRUD-Firebase.release.xcconfig */ = {isa = PBXFileReference; includeInIndex = 1; lastKnownFileType = text.xcconfig; name = "Pods-CRUD-Firebase.release.xcconfig"; path = "Target Support Files/Pods-CRUD-Firebase/Pods-CRUD-Firebase.release.xcconfig"; sourceTree = "<group>"; };
/* End PBXFileReference section */

/* Begin PBXFrameworksBuildPhase section */
		768251882AD071B000FD63CF /* Frameworks */ = {
			isa = PBXFrameworksBuildPhase;
			buildActionMask = 2147483647;
			files = (
				F167EB5399ABC0A1775AB03A /* Pods_CRUD_Firebase.framework in Frameworks */,
			);
			runOnlyForDeploymentPostprocessing = 0;
		};
/* End PBXFrameworksBuildPhase section */

/* Begin PBXGroup section */
		1DD2452F4966963E4E6F9ABD /* Frameworks */ = {
			isa = PBXGroup;
			children = (
				BD62C21F033365A725651FF7 /* Pods_CRUD_Firebase.framework */,
			);
			name = Frameworks;
			sourceTree = "<group>";
		};
		7600E0142AD0740C00E83C81 /* Features */ = {
			isa = PBXGroup;
			children = (
				7600E0152AD0741C00E83C81 /* Home */,
			);
			path = Features;
			sourceTree = "<group>";
		};
		7600E0152AD0741C00E83C81 /* Home */ = {
			isa = PBXGroup;
			children = (
				7600E0172AD0742E00E83C81 /* VC */,
				7600E0162AD0742400E83C81 /* Screen */,
			);
			path = Home;
			sourceTree = "<group>";
		};
		7600E0162AD0742400E83C81 /* Screen */ = {
			isa = PBXGroup;
			children = (
				7600E0182AD0748C00E83C81 /* HomeScreen.swift */,
			);
			path = Screen;
			sourceTree = "<group>";
		};
		7600E0172AD0742E00E83C81 /* VC */ = {
			isa = PBXGroup;
			children = (
				768251922AD071B000FD63CF /* ViewController.swift */,
			);
			path = VC;
			sourceTree = "<group>";
		};
		7600E01A2AD0787F00E83C81 /* Utils */ = {
			isa = PBXGroup;
			children = (
				7600E01B2AD0787F00E83C81 /* Extension */,
			);
			path = Utils;
			sourceTree = "<group>";
		};
		7600E01B2AD0787F00E83C81 /* Extension */ = {
			isa = PBXGroup;
			children = (
				7600E01C2AD0787F00E83C81 /* CACornerMask+Extension.swift */,
				7600E01D2AD0787F00E83C81 /* UIView+Extension.swift */,
				7600E01E2AD0787F00E83C81 /* UIViewController+Extension.swift */,
				7600E01F2AD0787F00E83C81 /* String+Extension.swift */,
			);
			path = Extension;
			sourceTree = "<group>";
		};
		768251822AD071B000FD63CF = {
			isa = PBXGroup;
			children = (
				7682518D2AD071B000FD63CF /* CRUD-Firebase */,
				7682518C2AD071B000FD63CF /* Products */,
				FAFA16582B91488F052725FD /* Pods */,
				1DD2452F4966963E4E6F9ABD /* Frameworks */,
			);
			sourceTree = "<group>";
		};
		7682518C2AD071B000FD63CF /* Products */ = {
			isa = PBXGroup;
			children = (
				7682518B2AD071B000FD63CF /* CRUD-Firebase.app */,
			);
			name = Products;
			sourceTree = "<group>";
		};
		7682518D2AD071B000FD63CF /* CRUD-Firebase */ = {
			isa = PBXGroup;
			children = (
				7600E01A2AD0787F00E83C81 /* Utils */,
				7600E0142AD0740C00E83C81 /* Features */,
				7682518E2AD071B000FD63CF /* AppDelegate.swift */,
				768251902AD071B000FD63CF /* SceneDelegate.swift */,
				768251972AD071B100FD63CF /* Assets.xcassets */,
				768251992AD071B100FD63CF /* LaunchScreen.storyboard */,
				7682519C2AD071B100FD63CF /* Info.plist */,
				76D696CE2AD07B5E00E846CC /* GoogleService-Info.plist */,
			);
			path = "CRUD-Firebase";
			sourceTree = "<group>";
		};
		FAFA16582B91488F052725FD /* Pods */ = {
			isa = PBXGroup;
			children = (
				B12D8ED2C0E031508E75469B /* Pods-CRUD-Firebase.debug.xcconfig */,
				C5BCA4BAAE4ABC27E20B8894 /* Pods-CRUD-Firebase.release.xcconfig */,
			);
			path = Pods;
			sourceTree = "<group>";
		};
/* End PBXGroup section */

/* Begin PBXNativeTarget section */
		7682518A2AD071B000FD63CF /* CRUD-Firebase */ = {
			isa = PBXNativeTarget;
			buildConfigurationList = 7682519F2AD071B100FD63CF /* Build configuration list for PBXNativeTarget "CRUD-Firebase" */;
			buildPhases = (
				A8E23EF63E872EA6F59ED487 /* [CP] Check Pods Manifest.lock */,
				768251872AD071B000FD63CF /* Sources */,
				768251882AD071B000FD63CF /* Frameworks */,
				768251892AD071B000FD63CF /* Resources */,
				32801BD3E223BB950F217D94 /* [CP] Embed Pods Frameworks */,
			);
			buildRules = (
			);
			dependencies = (
			);
			name = "CRUD-Firebase";
			productName = "CRUD-Firebase";
			productReference = 7682518B2AD071B000FD63CF /* CRUD-Firebase.app */;
			productType = "com.apple.product-type.application";
		};
/* End PBXNativeTarget section */

/* Begin PBXProject section */
		768251832AD071B000FD63CF /* Project object */ = {
			isa = PBXProject;
			attributes = {
				BuildIndependentTargetsInParallel = 1;
				LastSwiftUpdateCheck = 1500;
				LastUpgradeCheck = 1500;
				TargetAttributes = {
					7682518A2AD071B000FD63CF = {
						CreatedOnToolsVersion = 15.0;
					};
				};
			};
			buildConfigurationList = 768251862AD071B000FD63CF /* Build configuration list for PBXProject "CRUD-Firebase" */;
			compatibilityVersion = "Xcode 14.0";
			developmentRegion = en;
			hasScannedForEncodings = 0;
			knownRegions = (
				en,
				Base,
			);
			mainGroup = 768251822AD071B000FD63CF;
			productRefGroup = 7682518C2AD071B000FD63CF /* Products */;
			projectDirPath = "";
			projectRoot = "";
			targets = (
				7682518A2AD071B000FD63CF /* CRUD-Firebase */,
			);
		};
/* End PBXProject section */

/* Begin PBXResourcesBuildPhase section */
		768251892AD071B000FD63CF /* Resources */ = {
			isa = PBXResourcesBuildPhase;
			buildActionMask = 2147483647;
			files = (
				7682519B2AD071B100FD63CF /* LaunchScreen.storyboard in Resources */,
				768251982AD071B100FD63CF /* Assets.xcassets in Resources */,
				76D696CF2AD07B5E00E846CC /* GoogleService-Info.plist in Resources */,
			);
			runOnlyForDeploymentPostprocessing = 0;
		};
/* End PBXResourcesBuildPhase section */

/* Begin PBXShellScriptBuildPhase section */
		32801BD3E223BB950F217D94 /* [CP] Embed Pods Frameworks */ = {
			isa = PBXShellScriptBuildPhase;
			buildActionMask = 2147483647;
			files = (
			);
			inputFileListPaths = (
				"${PODS_ROOT}/Target Support Files/Pods-CRUD-Firebase/Pods-CRUD-Firebase-frameworks-${CONFIGURATION}-input-files.xcfilelist",
			);
			name = "[CP] Embed Pods Frameworks";
			outputFileListPaths = (
				"${PODS_ROOT}/Target Support Files/Pods-CRUD-Firebase/Pods-CRUD-Firebase-frameworks-${CONFIGURATION}-output-files.xcfilelist",
			);
			runOnlyForDeploymentPostprocessing = 0;
			shellPath = /bin/sh;
			shellScript = "\"${PODS_ROOT}/Target Support Files/Pods-CRUD-Firebase/Pods-CRUD-Firebase-frameworks.sh\"\n";
			showEnvVarsInLog = 0;
		};
		A8E23EF63E872EA6F59ED487 /* [CP] Check Pods Manifest.lock */ = {
			isa = PBXShellScriptBuildPhase;
			buildActionMask = 2147483647;
			files = (
			);
			inputFileListPaths = (
			);
			inputPaths = (
				"${PODS_PODFILE_DIR_PATH}/Podfile.lock",
				"${PODS_ROOT}/Manifest.lock",
			);
			name = "[CP] Check Pods Manifest.lock";
			outputFileListPaths = (
			);
			outputPaths = (
				"$(DERIVED_FILE_DIR)/Pods-CRUD-Firebase-checkManifestLockResult.txt",
			);
			runOnlyForDeploymentPostprocessing = 0;
			shellPath = /bin/sh;
			shellScript = "diff \"${PODS_PODFILE_DIR_PATH}/Podfile.lock\" \"${PODS_ROOT}/Manifest.lock\" > /dev/null\nif [ $? != 0 ] ; then\n    # print error to STDERR\n    echo \"error: The sandbox is not in sync with the Podfile.lock. Run 'pod install' or update your CocoaPods installation.\" >&2\n    exit 1\nfi\n# This output is used by Xcode 'outputs' to avoid re-running this script phase.\necho \"SUCCESS\" > \"${SCRIPT_OUTPUT_FILE_0}\"\n";
			showEnvVarsInLog = 0;
		};
/* End PBXShellScriptBuildPhase section */

/* Begin PBXSourcesBuildPhase section */
		768251872AD071B000FD63CF /* Sources */ = {
			isa = PBXSourcesBuildPhase;
			buildActionMask = 2147483647;
			files = (
				7600E0232AD0787F00E83C81 /* String+Extension.swift in Sources */,
				7600E0212AD0787F00E83C81 /* UIView+Extension.swift in Sources */,
				7600E0192AD0748C00E83C81 /* HomeScreen.swift in Sources */,
				768251932AD071B000FD63CF /* ViewController.swift in Sources */,
				7682518F2AD071B000FD63CF /* AppDelegate.swift in Sources */,
				7600E0222AD0787F00E83C81 /* UIViewController+Extension.swift in Sources */,
				768251912AD071B000FD63CF /* SceneDelegate.swift in Sources */,
				7600E0202AD0787F00E83C81 /* CACornerMask+Extension.swift in Sources */,
			);
			runOnlyForDeploymentPostprocessing = 0;
		};
/* End PBXSourcesBuildPhase section */

/* Begin PBXVariantGroup section */
		768251992AD071B100FD63CF /* LaunchScreen.storyboard */ = {
			isa = PBXVariantGroup;
			children = (
				7682519A2AD071B100FD63CF /* Base */,
			);
			name = LaunchScreen.storyboard;
			sourceTree = "<group>";
		};
/* End PBXVariantGroup section */

/* Begin XCBuildConfiguration section */
		7682519D2AD071B100FD63CF /* Debug */ = {
			isa = XCBuildConfiguration;
			buildSettings = {
				ALWAYS_SEARCH_USER_PATHS = NO;
				ASSETCATALOG_COMPILER_GENERATE_SWIFT_ASSET_SYMBOL_EXTENSIONS = YES;
				CLANG_ANALYZER_NONNULL = YES;
				CLANG_ANALYZER_NUMBER_OBJECT_CONVERSION = YES_AGGRESSIVE;
				CLANG_CXX_LANGUAGE_STANDARD = "gnu++20";
				CLANG_ENABLE_MODULES = YES;
				CLANG_ENABLE_OBJC_ARC = YES;
				CLANG_ENABLE_OBJC_WEAK = YES;
				CLANG_WARN_BLOCK_CAPTURE_AUTORELEASING = YES;
				CLANG_WARN_BOOL_CONVERSION = YES;
				CLANG_WARN_COMMA = YES;
				CLANG_WARN_CONSTANT_CONVERSION = YES;
				CLANG_WARN_DEPRECATED_OBJC_IMPLEMENTATIONS = YES;
				CLANG_WARN_DIRECT_OBJC_ISA_USAGE = YES_ERROR;
				CLANG_WARN_DOCUMENTATION_COMMENTS = YES;
				CLANG_WARN_EMPTY_BODY = YES;
				CLANG_WARN_ENUM_CONVERSION = YES;
				CLANG_WARN_INFINITE_RECURSION = YES;
				CLANG_WARN_INT_CONVERSION = YES;
				CLANG_WARN_NON_LITERAL_NULL_CONVERSION = YES;
				CLANG_WARN_OBJC_IMPLICIT_RETAIN_SELF = YES;
				CLANG_WARN_OBJC_LITERAL_CONVERSION = YES;
				CLANG_WARN_OBJC_ROOT_CLASS = YES_ERROR;
				CLANG_WARN_QUOTED_INCLUDE_IN_FRAMEWORK_HEADER = YES;
				CLANG_WARN_RANGE_LOOP_ANALYSIS = YES;
				CLANG_WARN_STRICT_PROTOTYPES = YES;
				CLANG_WARN_SUSPICIOUS_MOVE = YES;
				CLANG_WARN_UNGUARDED_AVAILABILITY = YES_AGGRESSIVE;
				CLANG_WARN_UNREACHABLE_CODE = YES;
				CLANG_WARN__DUPLICATE_METHOD_MATCH = YES;
				COPY_PHASE_STRIP = NO;
				DEBUG_INFORMATION_FORMAT = dwarf;
				ENABLE_STRICT_OBJC_MSGSEND = YES;
				ENABLE_TESTABILITY = YES;
				ENABLE_USER_SCRIPT_SANDBOXING = YES;
				GCC_C_LANGUAGE_STANDARD = gnu17;
				GCC_DYNAMIC_NO_PIC = NO;
				GCC_NO_COMMON_BLOCKS = YES;
				GCC_OPTIMIZATION_LEVEL = 0;
				GCC_PREPROCESSOR_DEFINITIONS = (
					"DEBUG=1",
					"$(inherited)",
				);
				GCC_WARN_64_TO_32_BIT_CONVERSION = YES;
				GCC_WARN_ABOUT_RETURN_TYPE = YES_ERROR;
				GCC_WARN_UNDECLARED_SELECTOR = YES;
				GCC_WARN_UNINITIALIZED_AUTOS = YES_AGGRESSIVE;
				GCC_WARN_UNUSED_FUNCTION = YES;
				GCC_WARN_UNUSED_VARIABLE = YES;
				IPHONEOS_DEPLOYMENT_TARGET = 17.0;
				LOCALIZATION_PREFERS_STRING_CATALOGS = YES;
				MTL_ENABLE_DEBUG_INFO = INCLUDE_SOURCE;
				MTL_FAST_MATH = YES;
				ONLY_ACTIVE_ARCH = YES;
				SDKROOT = iphoneos;
				SWIFT_ACTIVE_COMPILATION_CONDITIONS = "DEBUG $(inherited)";
				SWIFT_OPTIMIZATION_LEVEL = "-Onone";
			};
			name = Debug;
		};
		7682519E2AD071B100FD63CF /* Release */ = {
			isa = XCBuildConfiguration;
			buildSettings = {
				ALWAYS_SEARCH_USER_PATHS = NO;
				ASSETCATALOG_COMPILER_GENERATE_SWIFT_ASSET_SYMBOL_EXTENSIONS = YES;
				CLANG_ANALYZER_NONNULL = YES;
				CLANG_ANALYZER_NUMBER_OBJECT_CONVERSION = YES_AGGRESSIVE;
				CLANG_CXX_LANGUAGE_STANDARD = "gnu++20";
				CLANG_ENABLE_MODULES = YES;
				CLANG_ENABLE_OBJC_ARC = YES;
				CLANG_ENABLE_OBJC_WEAK = YES;
				CLANG_WARN_BLOCK_CAPTURE_AUTORELEASING = YES;
				CLANG_WARN_BOOL_CONVERSION = YES;
				CLANG_WARN_COMMA = YES;
				CLANG_WARN_CONSTANT_CONVERSION = YES;
				CLANG_WARN_DEPRECATED_OBJC_IMPLEMENTATIONS = YES;
				CLANG_WARN_DIRECT_OBJC_ISA_USAGE = YES_ERROR;
				CLANG_WARN_DOCUMENTATION_COMMENTS = YES;
				CLANG_WARN_EMPTY_BODY = YES;
				CLANG_WARN_ENUM_CONVERSION = YES;
				CLANG_WARN_INFINITE_RECURSION = YES;
				CLANG_WARN_INT_CONVERSION = YES;
				CLANG_WARN_NON_LITERAL_NULL_CONVERSION = YES;
				CLANG_WARN_OBJC_IMPLICIT_RETAIN_SELF = YES;
				CLANG_WARN_OBJC_LITERAL_CONVERSION = YES;
				CLANG_WARN_OBJC_ROOT_CLASS = YES_ERROR;
				CLANG_WARN_QUOTED_INCLUDE_IN_FRAMEWORK_HEADER = YES;
				CLANG_WARN_RANGE_LOOP_ANALYSIS = YES;
				CLANG_WARN_STRICT_PROTOTYPES = YES;
				CLANG_WARN_SUSPICIOUS_MOVE = YES;
				CLANG_WARN_UNGUARDED_AVAILABILITY = YES_AGGRESSIVE;
				CLANG_WARN_UNREACHABLE_CODE = YES;
				CLANG_WARN__DUPLICATE_METHOD_MATCH = YES;
				COPY_PHASE_STRIP = NO;
				DEBUG_INFORMATION_FORMAT = "dwarf-with-dsym";
				ENABLE_NS_ASSERTIONS = NO;
				ENABLE_STRICT_OBJC_MSGSEND = YES;
				ENABLE_USER_SCRIPT_SANDBOXING = YES;
				GCC_C_LANGUAGE_STANDARD = gnu17;
				GCC_NO_COMMON_BLOCKS = YES;
				GCC_WARN_64_TO_32_BIT_CONVERSION = YES;
				GCC_WARN_ABOUT_RETURN_TYPE = YES_ERROR;
				GCC_WARN_UNDECLARED_SELECTOR = YES;
				GCC_WARN_UNINITIALIZED_AUTOS = YES_AGGRESSIVE;
				GCC_WARN_UNUSED_FUNCTION = YES;
				GCC_WARN_UNUSED_VARIABLE = YES;
				IPHONEOS_DEPLOYMENT_TARGET = 17.0;
				LOCALIZATION_PREFERS_STRING_CATALOGS = YES;
				MTL_ENABLE_DEBUG_INFO = NO;
				MTL_FAST_MATH = YES;
				SDKROOT = iphoneos;
				SWIFT_COMPILATION_MODE = wholemodule;
				VALIDATE_PRODUCT = YES;
			};
			name = Release;
		};
		768251A02AD071B100FD63CF /* Debug */ = {
			isa = XCBuildConfiguration;
			baseConfigurationReference = B12D8ED2C0E031508E75469B /* Pods-CRUD-Firebase.debug.xcconfig */;
			buildSettings = {
				ASSETCATALOG_COMPILER_APPICON_NAME = AppIcon;
				ASSETCATALOG_COMPILER_GLOBAL_ACCENT_COLOR_NAME = AccentColor;
				CODE_SIGN_STYLE = Automatic;
				CURRENT_PROJECT_VERSION = 1;
				DEVELOPMENT_TEAM = B4R97N34U3;
				ENABLE_USER_SCRIPT_SANDBOXING = NO;
				GENERATE_INFOPLIST_FILE = YES;
				INFOPLIST_FILE = "CRUD-Firebase/Info.plist";
				INFOPLIST_KEY_UIApplicationSupportsIndirectInputEvents = YES;
				INFOPLIST_KEY_UILaunchStoryboardName = LaunchScreen;
				INFOPLIST_KEY_UIMainStoryboardFile = "";
				INFOPLIST_KEY_UISupportedInterfaceOrientations_iPad = "UIInterfaceOrientationPortrait UIInterfaceOrientationPortraitUpsideDown UIInterfaceOrientationLandscapeLeft UIInterfaceOrientationLandscapeRight";
				INFOPLIST_KEY_UISupportedInterfaceOrientations_iPhone = "UIInterfaceOrientationPortrait UIInterfaceOrientationLandscapeLeft UIInterfaceOrientationLandscapeRight";
				IPHONEOS_DEPLOYMENT_TARGET = 17.0;
				LD_RUNPATH_SEARCH_PATHS = (
					"$(inherited)",
					"@executable_path/Frameworks",
				);
				MARKETING_VERSION = 1.0;
				PRODUCT_BUNDLE_IDENTIFIER = "a1Loudness.CRUD-Firebase";
				PRODUCT_NAME = "$(TARGET_NAME)";
				SUPPORTED_PLATFORMS = "iphoneos iphonesimulator";
				SUPPORTS_MACCATALYST = NO;
				SUPPORTS_MAC_DESIGNED_FOR_IPHONE_IPAD = NO;
				SWIFT_EMIT_LOC_STRINGS = YES;
				SWIFT_VERSION = 5.0;
				TARGETED_DEVICE_FAMILY = 1;
			};
			name = Debug;
		};
		768251A12AD071B100FD63CF /* Release */ = {
			isa = XCBuildConfiguration;
			baseConfigurationReference = C5BCA4BAAE4ABC27E20B8894 /* Pods-CRUD-Firebase.release.xcconfig */;
			buildSettings = {
				ASSETCATALOG_COMPILER_APPICON_NAME = AppIcon;
				ASSETCATALOG_COMPILER_GLOBAL_ACCENT_COLOR_NAME = AccentColor;
				CODE_SIGN_STYLE = Automatic;
				CURRENT_PROJECT_VERSION = 1;
				DEVELOPMENT_TEAM = B4R97N34U3;
				ENABLE_USER_SCRIPT_SANDBOXING = NO;
				GENERATE_INFOPLIST_FILE = YES;
				INFOPLIST_FILE = "CRUD-Firebase/Info.plist";
				INFOPLIST_KEY_UIApplicationSupportsIndirectInputEvents = YES;
				INFOPLIST_KEY_UILaunchStoryboardName = LaunchScreen;
				INFOPLIST_KEY_UIMainStoryboardFile = "";
				INFOPLIST_KEY_UISupportedInterfaceOrientations_iPad = "UIInterfaceOrientationPortrait UIInterfaceOrientationPortraitUpsideDown UIInterfaceOrientationLandscapeLeft UIInterfaceOrientationLandscapeRight";
				INFOPLIST_KEY_UISupportedInterfaceOrientations_iPhone = "UIInterfaceOrientationPortrait UIInterfaceOrientationLandscapeLeft UIInterfaceOrientationLandscapeRight";
				IPHONEOS_DEPLOYMENT_TARGET = 17.0;
				LD_RUNPATH_SEARCH_PATHS = (
					"$(inherited)",
					"@executable_path/Frameworks",
				);
				MARKETING_VERSION = 1.0;
				PRODUCT_BUNDLE_IDENTIFIER = "a1Loudness.CRUD-Firebase";
				PRODUCT_NAME = "$(TARGET_NAME)";
				SUPPORTED_PLATFORMS = "iphoneos iphonesimulator";
				SUPPORTS_MACCATALYST = NO;
				SUPPORTS_MAC_DESIGNED_FOR_IPHONE_IPAD = NO;
				SWIFT_EMIT_LOC_STRINGS = YES;
				SWIFT_VERSION = 5.0;
				TARGETED_DEVICE_FAMILY = 1;
			};
			name = Release;
		};
/* End XCBuildConfiguration section */

/* Begin XCConfigurationList section */
		768251862AD071B000FD63CF /* Build configuration list for PBXProject "CRUD-Firebase" */ = {
			isa = XCConfigurationList;
			buildConfigurations = (
				7682519D2AD071B100FD63CF /* Debug */,
				7682519E2AD071B100FD63CF /* Release */,
			);
			defaultConfigurationIsVisible = 0;
			defaultConfigurationName = Release;
		};
		7682519F2AD071B100FD63CF /* Build configuration list for PBXNativeTarget "CRUD-Firebase" */ = {
			isa = XCConfigurationList;
			buildConfigurations = (
				768251A02AD071B100FD63CF /* Debug */,
				768251A12AD071B100FD63CF /* Release */,
			);
			defaultConfigurationIsVisible = 0;
			defaultConfigurationName = Release;
		};
/* End XCConfigurationList section */
	};
	rootObject = 768251832AD071B000FD63CF /* Project object */;
}
